
Microsoft Visual Studio Solution File, Format Version 12.00
# Visual Studio Version 17
VisualStudioVersion = 17.6.33801.468
MinimumVisualStudioVersion = 10.0.40219.1
Project("{FAE04EC0-301F-11D3-BF4B-00C04F79EFBC}") = "SlideAndShow3Demo", "SlideAndShow3Demo\SlideAndShow3Demo.csproj", "{4A8B3765-0282-4BF9-9C57-1A1866307E15}"
EndProject
Global
	GlobalSection(SolutionConfigurationPlatforms) = preSolution
		Debug|Any CPU = Debug|Any CPU
		Release|Any CPU = Release|Any CPU
	EndGlobalSection
	GlobalSection(ProjectConfigurationPlatforms) = postSolution
		{4A8B3765-0282-4BF9-9C57-1A1866307E15}.Debug|Any CPU.ActiveCfg = Debug|Any CPU
		{4A8B3765-0282-4BF9-9C57-1A1866307E15}.Debug|Any CPU.Build.0 = Debug|Any CPU
		{4A8B3765-0282-4BF9-9C57-1A1866307E15}.Release|Any CPU.ActiveCfg = Release|Any CPU
		{4A8B3765-0282-4BF9-9C57-1A1866307E15}.Release|Any CPU.Build.0 = Release|Any CPU
	EndGlobalSection
	GlobalSection(SolutionProperties) = preSolution
		HideSolutionNode = FALSE
	EndGlobalSection
	GlobalSection(ExtensibilityGlobals) = postSolution
		SolutionGuid = {AA1FF75A-C0DD-4FEB-A983-532D746C0DE2}
	EndGlobalSection
EndGlobal
